
Microsoft Visual Studio Solution File, Format Version 12.00
# Visual Studio Version 17
VisualStudioVersion = 17.13.35818.85 d17.13
MinimumVisualStudioVersion = 10.0.40219.1
Project("{FAE04EC0-301F-11D3-BF4B-00C04F79EFBC}") = "GithubConsoleApp", "GithubConsoleApp\GithubConsoleApp.csproj", "{BAEFF19D-7785-46BC-A3D2-A980167C931A}"
EndProject
Global
	GlobalSection(SolutionConfigurationPlatforms) = preSolution
		Debug|Any CPU = Debug|Any CPU
		Release|Any CPU = Release|Any CPU
	EndGlobalSection
	GlobalSection(ProjectConfigurationPlatforms) = postSolution
		{BAEFF19D-7785-46BC-A3D2-A980167C931A}.Debug|Any CPU.ActiveCfg = Debug|Any CPU
		{BAEFF19D-7785-46BC-A3D2-A980167C931A}.Debug|Any CPU.Build.0 = Debug|Any CPU
		{BAEFF19D-7785-46BC-A3D2-A980167C931A}.Release|Any CPU.ActiveCfg = Release|Any CPU
		{BAEFF19D-7785-46BC-A3D2-A980167C931A}.Release|Any CPU.Build.0 = Release|Any CPU
	EndGlobalSection
	GlobalSection(SolutionProperties) = preSolution
		HideSolutionNode = FALSE
	EndGlobalSection
	GlobalSection(ExtensibilityGlobals) = postSolution
		SolutionGuid = {A96237E5-549B-41B0-9275-1F0158F1C54A}
	EndGlobalSection
EndGlobal
